
Microsoft Visual Studio Solution File, Format Version 12.00
# Visual Studio Version 16
VisualStudioVersion = 16.0.31727.386
MinimumVisualStudioVersion = 10.0.40219.1
Project("{2150E333-8FDC-42A3-9474-1A3956D46DE8}") = "Services", "Services", "{B345EBA4-BE94-49B5-B1B7-870384A537BD}"
EndProject
Project("{2150E333-8FDC-42A3-9474-1A3956D46DE8}") = "Catalog", "Catalog", "{6B766C9A-97B7-494A-87C8-0D8440D8F1DD}"
EndProject
Global
	GlobalSection(SolutionProperties) = preSolution
		HideSolutionNode = FALSE
	EndGlobalSection
	GlobalSection(NestedProjects) = preSolution
		{6B766C9A-97B7-494A-87C8-0D8440D8F1DD} = {B345EBA4-BE94-49B5-B1B7-870384A537BD}
	EndGlobalSection
	GlobalSection(ExtensibilityGlobals) = postSolution
		SolutionGuid = {145D4928-D8FC-419A-AC8A-9211B0A3A43D}
	EndGlobalSection
EndGlobal
