
Microsoft Visual Studio Solution File, Format Version 12.00
# Visual Studio Version 16
VisualStudioVersion = 16.0.31727.386
MinimumVisualStudioVersion = 10.0.40219.1
Project("{2150E333-8FDC-42A3-9474-1A3956D46DE8}") = "Services", "Services", "{B345EBA4-BE94-49B5-B1B7-870384A537BD}"
EndProject
Project("{2150E333-8FDC-42A3-9474-1A3956D46DE8}") = "Catalog", "Catalog", "{6B766C9A-97B7-494A-87C8-0D8440D8F1DD}"
EndProject
Project("{FAE04EC0-301F-11D3-BF4B-00C04F79EFBC}") = "Catalog.API", "Services\Catalog\Catalog.API\Catalog.API.csproj", "{360FAC3D-89FA-4108-A505-8D63AA5881A1}"
EndProject
Project("{E53339B2-1760-4266-BCC7-CA923CBCF16C}") = "docker-compose", "docker-compose.dcproj", "{6FDE67F7-79CC-4438-9EEA-D7796790CAF6}"
EndProject
Global
	GlobalSection(SolutionConfigurationPlatforms) = preSolution
		Debug|Any CPU = Debug|Any CPU
		Release|Any CPU = Release|Any CPU
	EndGlobalSection
	GlobalSection(ProjectConfigurationPlatforms) = postSolution
		{360FAC3D-89FA-4108-A505-8D63AA5881A1}.Debug|Any CPU.ActiveCfg = Debug|Any CPU
		{360FAC3D-89FA-4108-A505-8D63AA5881A1}.Debug|Any CPU.Build.0 = Debug|Any CPU
		{360FAC3D-89FA-4108-A505-8D63AA5881A1}.Release|Any CPU.ActiveCfg = Release|Any CPU
		{360FAC3D-89FA-4108-A505-8D63AA5881A1}.Release|Any CPU.Build.0 = Release|Any CPU
		{6FDE67F7-79CC-4438-9EEA-D7796790CAF6}.Debug|Any CPU.ActiveCfg = Debug|Any CPU
		{6FDE67F7-79CC-4438-9EEA-D7796790CAF6}.Debug|Any CPU.Build.0 = Debug|Any CPU
		{6FDE67F7-79CC-4438-9EEA-D7796790CAF6}.Release|Any CPU.ActiveCfg = Release|Any CPU
		{6FDE67F7-79CC-4438-9EEA-D7796790CAF6}.Release|Any CPU.Build.0 = Release|Any CPU
	EndGlobalSection
	GlobalSection(SolutionProperties) = preSolution
		HideSolutionNode = FALSE
	EndGlobalSection
	GlobalSection(NestedProjects) = preSolution
		{6B766C9A-97B7-494A-87C8-0D8440D8F1DD} = {B345EBA4-BE94-49B5-B1B7-870384A537BD}
		{360FAC3D-89FA-4108-A505-8D63AA5881A1} = {6B766C9A-97B7-494A-87C8-0D8440D8F1DD}
	EndGlobalSection
	GlobalSection(ExtensibilityGlobals) = postSolution
		SolutionGuid = {145D4928-D8FC-419A-AC8A-9211B0A3A43D}
	EndGlobalSection
EndGlobal
