
Microsoft Visual Studio Solution File, Format Version 12.00
# Visual Studio Version 16
VisualStudioVersion = 16.0.31727.386
MinimumVisualStudioVersion = 10.0.40219.1
Project("{2150E333-8FDC-42A3-9474-1A3956D46DE8}") = "Services", "Services", "{B345EBA4-BE94-49B5-B1B7-870384A537BD}"
EndProject
Project("{2150E333-8FDC-42A3-9474-1A3956D46DE8}") = "Catalog", "Catalog", "{6B766C9A-97B7-494A-87C8-0D8440D8F1DD}"
EndProject
Project("{9A19103F-16F7-4668-BE54-9A1E7A4F7556}") = "Catalog.API", "Services\Catalog\Catalog.API\Catalog.API.csproj", "{360FAC3D-89FA-4108-A505-8D63AA5881A1}"
EndProject
Project("{E53339B2-1760-4266-BCC7-CA923CBCF16C}") = "docker-compose", "docker-compose.dcproj", "{6FDE67F7-79CC-4438-9EEA-D7796790CAF6}"
EndProject
Project("{2150E333-8FDC-42A3-9474-1A3956D46DE8}") = "Basket", "Basket", "{541D636D-F640-4251-AC13-F1F27141EBBD}"
EndProject
Project("{9A19103F-16F7-4668-BE54-9A1E7A4F7556}") = "Basket.API", "Services\Basket\Basket.API\Basket.API.csproj", "{00EE1784-7337-4192-8335-C128EDBB8F0F}"
EndProject
Project("{2150E333-8FDC-42A3-9474-1A3956D46DE8}") = "Discount", "Discount", "{883F18C1-F599-4CC4-AFF5-6FFFE62291F3}"
EndProject
Project("{9A19103F-16F7-4668-BE54-9A1E7A4F7556}") = "Discount.API", "Services\Discount\Discount.API\Discount.API.csproj", "{6336D37B-E35A-489A-9B01-3F78389912A3}"
EndProject
Project("{9A19103F-16F7-4668-BE54-9A1E7A4F7556}") = "Discount.GRPC", "Services\Discount\Discount.GRPC\Discount.GRPC.csproj", "{917B7252-D8D5-4E63-9B3B-1E881C87A4CA}"
EndProject
Project("{2150E333-8FDC-42A3-9474-1A3956D46DE8}") = "Ordering", "Ordering", "{200D4EDD-6B4B-4E18-B69C-2CACAAFD941C}"
EndProject
Project("{9A19103F-16F7-4668-BE54-9A1E7A4F7556}") = "Ordering.API", "Services\Ordering\Ordering.API\Ordering.API.csproj", "{8BDC9A4E-1E3D-4F47-8E16-46A6DD2F2331}"
EndProject
Project("{9A19103F-16F7-4668-BE54-9A1E7A4F7556}") = "Ordering.Domain", "Services\Ordering\Ordering.Domain\Ordering.Domain.csproj", "{31B4A464-E69D-4AF3-A0B6-238CF034BC8F}"
EndProject
Project("{9A19103F-16F7-4668-BE54-9A1E7A4F7556}") = "Ordering.Application", "Services\Ordering\Ordering.Application\Ordering.Application.csproj", "{44F0E7CF-5D64-43FC-9E33-A8EF7D1CF5D9}"
EndProject
Project("{9A19103F-16F7-4668-BE54-9A1E7A4F7556}") = "Ordering.Infrastructure", "Services\Ordering\Ordering.Infrastructure\Ordering.Infrastructure.csproj", "{7772181A-2C39-48B9-94A8-9F62A05F50F3}"
EndProject
Project("{2150E333-8FDC-42A3-9474-1A3956D46DE8}") = "BuildingBlocks", "BuildingBlocks", "{0420CA84-2C2B-4F19-8583-7238EB472C70}"
EndProject
Project("{9A19103F-16F7-4668-BE54-9A1E7A4F7556}") = "EventBus.Messages", "BuildingBlocks\EventBus.Messages\EventBus.Messages.csproj", "{36078A9A-4546-40AB-972A-7FB63D741265}"
EndProject
Project("{2150E333-8FDC-42A3-9474-1A3956D46DE8}") = "ApiGateways", "ApiGateways", "{A5F2D5BF-B2AD-4B90-AB3C-0A9A69CC983B}"
EndProject
Project("{9A19103F-16F7-4668-BE54-9A1E7A4F7556}") = "OcelotApiGateway", "ApiGateways\OcelotApiGateway\OcelotApiGateway.csproj", "{01E19393-C4C3-45B1-BF2F-47723383ED7D}"
EndProject
Project("{9A19103F-16F7-4668-BE54-9A1E7A4F7556}") = "Shopping.Aggregator", "ApiGateways\Shopping.Aggregator\Shopping.Aggregator.csproj", "{23E04476-67B2-4EF6-8240-F51DDA8BDB6E}"
EndProject
Project("{2150E333-8FDC-42A3-9474-1A3956D46DE8}") = "WebApps", "WebApps", "{6B06DB87-BE64-44DA-AE3A-E6A5ED592B13}"
EndProject
Project("{9A19103F-16F7-4668-BE54-9A1E7A4F7556}") = "AspnetRunBasics", "WebApps\AspnetRunBasics\AspnetRunBasics.csproj", "{F40DC494-926C-4E04-83FA-BAB96380267C}"
EndProject
Global
	GlobalSection(SolutionConfigurationPlatforms) = preSolution
		Debug|Any CPU = Debug|Any CPU
		Release|Any CPU = Release|Any CPU
	EndGlobalSection
	GlobalSection(ProjectConfigurationPlatforms) = postSolution
		{360FAC3D-89FA-4108-A505-8D63AA5881A1}.Debug|Any CPU.ActiveCfg = Debug|Any CPU
		{360FAC3D-89FA-4108-A505-8D63AA5881A1}.Debug|Any CPU.Build.0 = Debug|Any CPU
		{360FAC3D-89FA-4108-A505-8D63AA5881A1}.Release|Any CPU.ActiveCfg = Release|Any CPU
		{360FAC3D-89FA-4108-A505-8D63AA5881A1}.Release|Any CPU.Build.0 = Release|Any CPU
		{6FDE67F7-79CC-4438-9EEA-D7796790CAF6}.Debug|Any CPU.ActiveCfg = Debug|Any CPU
		{6FDE67F7-79CC-4438-9EEA-D7796790CAF6}.Debug|Any CPU.Build.0 = Debug|Any CPU
		{6FDE67F7-79CC-4438-9EEA-D7796790CAF6}.Release|Any CPU.ActiveCfg = Release|Any CPU
		{6FDE67F7-79CC-4438-9EEA-D7796790CAF6}.Release|Any CPU.Build.0 = Release|Any CPU
		{00EE1784-7337-4192-8335-C128EDBB8F0F}.Debug|Any CPU.ActiveCfg = Debug|Any CPU
		{00EE1784-7337-4192-8335-C128EDBB8F0F}.Debug|Any CPU.Build.0 = Debug|Any CPU
		{00EE1784-7337-4192-8335-C128EDBB8F0F}.Release|Any CPU.ActiveCfg = Release|Any CPU
		{00EE1784-7337-4192-8335-C128EDBB8F0F}.Release|Any CPU.Build.0 = Release|Any CPU
		{6336D37B-E35A-489A-9B01-3F78389912A3}.Debug|Any CPU.ActiveCfg = Debug|Any CPU
		{6336D37B-E35A-489A-9B01-3F78389912A3}.Debug|Any CPU.Build.0 = Debug|Any CPU
		{6336D37B-E35A-489A-9B01-3F78389912A3}.Release|Any CPU.ActiveCfg = Release|Any CPU
		{6336D37B-E35A-489A-9B01-3F78389912A3}.Release|Any CPU.Build.0 = Release|Any CPU
		{917B7252-D8D5-4E63-9B3B-1E881C87A4CA}.Debug|Any CPU.ActiveCfg = Debug|Any CPU
		{917B7252-D8D5-4E63-9B3B-1E881C87A4CA}.Debug|Any CPU.Build.0 = Debug|Any CPU
		{917B7252-D8D5-4E63-9B3B-1E881C87A4CA}.Release|Any CPU.ActiveCfg = Release|Any CPU
		{917B7252-D8D5-4E63-9B3B-1E881C87A4CA}.Release|Any CPU.Build.0 = Release|Any CPU
		{8BDC9A4E-1E3D-4F47-8E16-46A6DD2F2331}.Debug|Any CPU.ActiveCfg = Debug|Any CPU
		{8BDC9A4E-1E3D-4F47-8E16-46A6DD2F2331}.Debug|Any CPU.Build.0 = Debug|Any CPU
		{8BDC9A4E-1E3D-4F47-8E16-46A6DD2F2331}.Release|Any CPU.ActiveCfg = Release|Any CPU
		{8BDC9A4E-1E3D-4F47-8E16-46A6DD2F2331}.Release|Any CPU.Build.0 = Release|Any CPU
		{31B4A464-E69D-4AF3-A0B6-238CF034BC8F}.Debug|Any CPU.ActiveCfg = Debug|Any CPU
		{31B4A464-E69D-4AF3-A0B6-238CF034BC8F}.Debug|Any CPU.Build.0 = Debug|Any CPU
		{31B4A464-E69D-4AF3-A0B6-238CF034BC8F}.Release|Any CPU.ActiveCfg = Release|Any CPU
		{31B4A464-E69D-4AF3-A0B6-238CF034BC8F}.Release|Any CPU.Build.0 = Release|Any CPU
		{44F0E7CF-5D64-43FC-9E33-A8EF7D1CF5D9}.Debug|Any CPU.ActiveCfg = Debug|Any CPU
		{44F0E7CF-5D64-43FC-9E33-A8EF7D1CF5D9}.Debug|Any CPU.Build.0 = Debug|Any CPU
		{44F0E7CF-5D64-43FC-9E33-A8EF7D1CF5D9}.Release|Any CPU.ActiveCfg = Release|Any CPU
		{44F0E7CF-5D64-43FC-9E33-A8EF7D1CF5D9}.Release|Any CPU.Build.0 = Release|Any CPU
		{7772181A-2C39-48B9-94A8-9F62A05F50F3}.Debug|Any CPU.ActiveCfg = Debug|Any CPU
		{7772181A-2C39-48B9-94A8-9F62A05F50F3}.Debug|Any CPU.Build.0 = Debug|Any CPU
		{7772181A-2C39-48B9-94A8-9F62A05F50F3}.Release|Any CPU.ActiveCfg = Release|Any CPU
		{7772181A-2C39-48B9-94A8-9F62A05F50F3}.Release|Any CPU.Build.0 = Release|Any CPU
		{36078A9A-4546-40AB-972A-7FB63D741265}.Debug|Any CPU.ActiveCfg = Debug|Any CPU
		{36078A9A-4546-40AB-972A-7FB63D741265}.Debug|Any CPU.Build.0 = Debug|Any CPU
		{36078A9A-4546-40AB-972A-7FB63D741265}.Release|Any CPU.ActiveCfg = Release|Any CPU
		{36078A9A-4546-40AB-972A-7FB63D741265}.Release|Any CPU.Build.0 = Release|Any CPU
		{01E19393-C4C3-45B1-BF2F-47723383ED7D}.Debug|Any CPU.ActiveCfg = Debug|Any CPU
		{01E19393-C4C3-45B1-BF2F-47723383ED7D}.Debug|Any CPU.Build.0 = Debug|Any CPU
		{01E19393-C4C3-45B1-BF2F-47723383ED7D}.Release|Any CPU.ActiveCfg = Release|Any CPU
		{01E19393-C4C3-45B1-BF2F-47723383ED7D}.Release|Any CPU.Build.0 = Release|Any CPU
		{23E04476-67B2-4EF6-8240-F51DDA8BDB6E}.Debug|Any CPU.ActiveCfg = Debug|Any CPU
		{23E04476-67B2-4EF6-8240-F51DDA8BDB6E}.Debug|Any CPU.Build.0 = Debug|Any CPU
		{23E04476-67B2-4EF6-8240-F51DDA8BDB6E}.Release|Any CPU.ActiveCfg = Release|Any CPU
		{23E04476-67B2-4EF6-8240-F51DDA8BDB6E}.Release|Any CPU.Build.0 = Release|Any CPU
		{F40DC494-926C-4E04-83FA-BAB96380267C}.Debug|Any CPU.ActiveCfg = Debug|Any CPU
		{F40DC494-926C-4E04-83FA-BAB96380267C}.Debug|Any CPU.Build.0 = Debug|Any CPU
		{F40DC494-926C-4E04-83FA-BAB96380267C}.Release|Any CPU.ActiveCfg = Release|Any CPU
		{F40DC494-926C-4E04-83FA-BAB96380267C}.Release|Any CPU.Build.0 = Release|Any CPU
	EndGlobalSection
	GlobalSection(SolutionProperties) = preSolution
		HideSolutionNode = FALSE
	EndGlobalSection
	GlobalSection(NestedProjects) = preSolution
		{6B766C9A-97B7-494A-87C8-0D8440D8F1DD} = {B345EBA4-BE94-49B5-B1B7-870384A537BD}
		{360FAC3D-89FA-4108-A505-8D63AA5881A1} = {6B766C9A-97B7-494A-87C8-0D8440D8F1DD}
		{541D636D-F640-4251-AC13-F1F27141EBBD} = {B345EBA4-BE94-49B5-B1B7-870384A537BD}
		{00EE1784-7337-4192-8335-C128EDBB8F0F} = {541D636D-F640-4251-AC13-F1F27141EBBD}
		{883F18C1-F599-4CC4-AFF5-6FFFE62291F3} = {B345EBA4-BE94-49B5-B1B7-870384A537BD}
		{6336D37B-E35A-489A-9B01-3F78389912A3} = {883F18C1-F599-4CC4-AFF5-6FFFE62291F3}
		{917B7252-D8D5-4E63-9B3B-1E881C87A4CA} = {883F18C1-F599-4CC4-AFF5-6FFFE62291F3}
		{200D4EDD-6B4B-4E18-B69C-2CACAAFD941C} = {B345EBA4-BE94-49B5-B1B7-870384A537BD}
		{8BDC9A4E-1E3D-4F47-8E16-46A6DD2F2331} = {200D4EDD-6B4B-4E18-B69C-2CACAAFD941C}
		{31B4A464-E69D-4AF3-A0B6-238CF034BC8F} = {200D4EDD-6B4B-4E18-B69C-2CACAAFD941C}
		{44F0E7CF-5D64-43FC-9E33-A8EF7D1CF5D9} = {200D4EDD-6B4B-4E18-B69C-2CACAAFD941C}
		{7772181A-2C39-48B9-94A8-9F62A05F50F3} = {200D4EDD-6B4B-4E18-B69C-2CACAAFD941C}
		{36078A9A-4546-40AB-972A-7FB63D741265} = {0420CA84-2C2B-4F19-8583-7238EB472C70}
		{01E19393-C4C3-45B1-BF2F-47723383ED7D} = {A5F2D5BF-B2AD-4B90-AB3C-0A9A69CC983B}
		{23E04476-67B2-4EF6-8240-F51DDA8BDB6E} = {A5F2D5BF-B2AD-4B90-AB3C-0A9A69CC983B}
		{F40DC494-926C-4E04-83FA-BAB96380267C} = {6B06DB87-BE64-44DA-AE3A-E6A5ED592B13}
	EndGlobalSection
	GlobalSection(ExtensibilityGlobals) = postSolution
		SolutionGuid = {145D4928-D8FC-419A-AC8A-9211B0A3A43D}
	EndGlobalSection
EndGlobal
